
Microsoft Visual Studio Solution File, Format Version 12.00
# Visual Studio Version 16
VisualStudioVersion = 16.0.30128.74
MinimumVisualStudioVersion = 10.0.40219.1
Project("{2150E333-8FDC-42A3-9474-1A3956D46DE8}") = "Solution Items", "Solution Items", "{DA40DCAA-1815-4A0A-BB0C-777541377A96}"
	ProjectSection(SolutionItems) = preProject
		.github\FUNDING.yml = .github\FUNDING.yml
	EndProjectSection
EndProject
Project("{FAE04EC0-301F-11D3-BF4B-00C04F79EFBC}") = "Journal-Limpet", "Journal-Limpet\Journal-Limpet.csproj", "{77B8E097-BC26-4E52-B00E-6D7D15C52923}"
EndProject
Global
	GlobalSection(SolutionConfigurationPlatforms) = preSolution
		Debug|Any CPU = Debug|Any CPU
		Release|Any CPU = Release|Any CPU
	EndGlobalSection
	GlobalSection(ProjectConfigurationPlatforms) = postSolution
		{77B8E097-BC26-4E52-B00E-6D7D15C52923}.Debug|Any CPU.ActiveCfg = Debug|Any CPU
		{77B8E097-BC26-4E52-B00E-6D7D15C52923}.Debug|Any CPU.Build.0 = Debug|Any CPU
		{77B8E097-BC26-4E52-B00E-6D7D15C52923}.Release|Any CPU.ActiveCfg = Release|Any CPU
		{77B8E097-BC26-4E52-B00E-6D7D15C52923}.Release|Any CPU.Build.0 = Release|Any CPU
	EndGlobalSection
	GlobalSection(SolutionProperties) = preSolution
		HideSolutionNode = FALSE
	EndGlobalSection
	GlobalSection(ExtensibilityGlobals) = postSolution
		SolutionGuid = {3B4F4810-BDDC-4BCA-AE16-F42E1B18FC2C}
	EndGlobalSection
EndGlobal
